
Microsoft Visual Studio Solution File, Format Version 12.00
# Visual Studio 15
VisualStudioVersion = 15.0.27130.2027
MinimumVisualStudioVersion = 10.0.40219.1
Project("{2150E333-8FDC-42A3-9474-1A3956D46DE8}") = ".nuget", ".nuget", "{68EDBAF2-C206-4C6A-883D-E7ED13A78B6E}"
	ProjectSection(SolutionItems) = preProject
		.nuget\NuGet.exe = .nuget\NuGet.exe
		.nuget\NuGet.targets = .nuget\NuGet.targets
	EndProjectSection
EndProject
Project("{FAE04EC0-301F-11D3-BF4B-00C04F79EFBC}") = "GoogleCategoryImporter", "GoogleCategoryImporter\GoogleCategoryImporter.csproj", "{9349356B-BD41-474D-8C0F-3D81ADCDE04A}"
EndProject
Project("{FAE04EC0-301F-11D3-BF4B-00C04F79EFBC}") = "FeedGenerators.Core", "FeedGenerators.Core\FeedGenerators.Core.csproj", "{F2E68A0F-0DDF-4E83-A799-765D560C5899}"
EndProject
Project("{FAE04EC0-301F-11D3-BF4B-00C04F79EFBC}") = "GooglePlaFeedGenerator", "GooglePlaFeedGenerator\GooglePlaFeedGenerator.csproj", "{1F445F4F-5AE6-4590-9634-61C23D3779B6}"
EndProject
Project("{FAE04EC0-301F-11D3-BF4B-00C04F79EFBC}") = "IndigoFeedSystemDataProcessor", "IndigoFeedSystemDataProcessor\IndigoFeedSystemDataProcessor.csproj", "{D551BCE7-FF83-48F1-A47C-A9E6D0CC01F3}"
EndProject
Project("{FAE04EC0-301F-11D3-BF4B-00C04F79EFBC}") = "IndigoToGoogleTaxonomyMapping", "IndigoToGoogleTaxonomyMapping\IndigoToGoogleTaxonomyMapping.csproj", "{448B4DD4-BF95-4E1F-8187-51F3D04FA9F9}"
EndProject
Project("{FAE04EC0-301F-11D3-BF4B-00C04F79EFBC}") = "CjFeedGenerator", "CjFeedGenerator\CjFeedGenerator.csproj", "{A7C75871-E49D-455C-8BC6-75D448D12F21}"
EndProject
Project("{FAE04EC0-301F-11D3-BF4B-00C04F79EFBC}") = "BVRatingImporter", "BVRatingImporter\BVRatingImporter.csproj", "{EE631E15-CB7B-43EC-A1A6-3266ED88B123}"
EndProject
Project("{FAE04EC0-301F-11D3-BF4B-00C04F79EFBC}") = "RRFeedGenerator", "RRFeedGenerator\RRFeedGenerator.csproj", "{F0EA210F-A40C-46D1-9F9B-F03DA11A4AC5}"
EndProject
Project("{FAE04EC0-301F-11D3-BF4B-00C04F79EFBC}") = "DynamicCampaignsFeedGenerator", "DynamicCampaignsFeedGenerator\DynamicCampaignsFeedGenerator.csproj", "{838FCE0A-37EA-4376-9C9F-6CC9C120336A}"
EndProject
Project("{2150E333-8FDC-42A3-9474-1A3956D46DE8}") = "UnitTests", "UnitTests", "{7A03B224-F4C5-4EF5-ACFD-FED1C5007E59}"
EndProject
Project("{FAE04EC0-301F-11D3-BF4B-00C04F79EFBC}") = "GoogleCategoryImporterTests", "GoogleCategoryImporterTests\GoogleCategoryImporterTests.csproj", "{F4460423-E395-4337-8363-7956E84676D8}"
EndProject
Project("{FAE04EC0-301F-11D3-BF4B-00C04F79EFBC}") = "NewGoogleCategoriesForIndigoCategoriesImporter", "NewGoogleCategoriesForIndigoCategoriesImporter\NewGoogleCategoriesForIndigoCategoriesImporter.csproj", "{80C40026-1697-42CE-829E-423D02EC697A}"
EndProject
Project("{FAE04EC0-301F-11D3-BF4B-00C04F79EFBC}") = "NewGoogleCategoriesForIndigoCategoriesImporterTests", "NewGoogleCategoriesForIndigoCategoriesImporterTests\NewGoogleCategoriesForIndigoCategoriesImporterTests.csproj", "{BBB9C91B-16FB-4E92-A443-75851AE7E655}"
EndProject
Project("{FAE04EC0-301F-11D3-BF4B-00C04F79EFBC}") = "CommonUnitTestLibrary", "CommonUnitTestLibrary\CommonUnitTestLibrary.csproj", "{3927DD7B-3FA6-4EEB-B3F9-1B775903BAA2}"
EndProject
Project("{FAE04EC0-301F-11D3-BF4B-00C04F79EFBC}") = "GoogleInventoryPricingFeedGenerator", "GoogleInventoryPricingFeedGenerator\GoogleInventoryPricingFeedGenerator.csproj", "{A442F617-A5AF-4486-8E62-76B44533D9FE}"
EndProject
Project("{FAE04EC0-301F-11D3-BF4B-00C04F79EFBC}") = "GoogleApiPlaFeedGenerator", "GoogleApiPlaFeedGenerator\GoogleApiPlaFeedGenerator.csproj", "{D3415268-DBC8-4F97-A5C5-26F102D7F554}"
EndProject
Project("{FAE04EC0-301F-11D3-BF4B-00C04F79EFBC}") = "Indigo.Feeds.Generator.Core", "Indigo.Feeds.Generator.Core\Indigo.Feeds.Generator.Core.csproj", "{71669776-5420-4648-A539-7AC8F5FE9A06}"
EndProject
Project("{2150E333-8FDC-42A3-9474-1A3956D46DE8}") = "Sterling", "Sterling", "{83C9D179-5DB4-40D5-A5F7-31E0F24A7273}"
EndProject
Project("{FAE04EC0-301F-11D3-BF4B-00C04F79EFBC}") = "Sterling.Feed.Export.CustomerData", "Sterling.Feed.Export.CustomerData\Sterling.Feed.Export.CustomerData.csproj", "{92F6BD37-444D-4574-9485-9FE232D2A183}"
EndProject
Project("{FAE04EC0-301F-11D3-BF4B-00C04F79EFBC}") = "Sterling.Feed.Export.ProductData", "Sterling.Feed.Export.ProductData\Sterling.Feed.Export.ProductData.csproj", "{B27D05B3-BF16-4602-B188-296917232618}"
EndProject
Project("{FAE04EC0-301F-11D3-BF4B-00C04F79EFBC}") = "Indigo.Feeds.Generator.Azure", "Indigo.Feeds.Generator.Azure\Indigo.Feeds.Generator.Azure.csproj", "{FBC9577E-42D2-4573-943B-D507611D811C}"
EndProject
Project("{FAE04EC0-301F-11D3-BF4B-00C04F79EFBC}") = "Sterling.Feed.Export.StoreInformation", "Sterling.Feed.Export.StoreInformation\Sterling.Feed.Export.StoreInformation.csproj", "{ACB9BEB1-1531-4BC2-BB41-8879B799C07A}"
EndProject
Project("{FAE04EC0-301F-11D3-BF4B-00C04F79EFBC}") = "Sterling.Feed.Export.RetailCategorization", "Sterling.Feed.Export.RetailCategorization\Sterling.Feed.Export.RetailCategorization.csproj", "{45E290D6-EC6F-4EB4-BC60-812A636371DB}"
EndProject
Project("{FAE04EC0-301F-11D3-BF4B-00C04F79EFBC}") = "Sterling.Feed.Export.PosData", "Sterling.Feed.Export.PosData\Sterling.Feed.Export.PosData.csproj", "{23ADF1E7-9C25-4CBA-B3AB-16839D9A8A30}"
EndProject
Global
	GlobalSection(SolutionConfigurationPlatforms) = preSolution
		Debug|Any CPU = Debug|Any CPU
		Debug|x64 = Debug|x64
		Debug|x86 = Debug|x86
		Environment|Any CPU = Environment|Any CPU
		Environment|x64 = Environment|x64
		Environment|x86 = Environment|x86
		Release|Any CPU = Release|Any CPU
		Release|x64 = Release|x64
		Release|x86 = Release|x86
	EndGlobalSection
	GlobalSection(ProjectConfigurationPlatforms) = postSolution
		{9349356B-BD41-474D-8C0F-3D81ADCDE04A}.Debug|Any CPU.ActiveCfg = Debug|Any CPU
		{9349356B-BD41-474D-8C0F-3D81ADCDE04A}.Debug|Any CPU.Build.0 = Debug|Any CPU
		{9349356B-BD41-474D-8C0F-3D81ADCDE04A}.Debug|x64.ActiveCfg = Debug|Any CPU
		{9349356B-BD41-474D-8C0F-3D81ADCDE04A}.Debug|x86.ActiveCfg = Debug|Any CPU
		{9349356B-BD41-474D-8C0F-3D81ADCDE04A}.Environment|Any CPU.ActiveCfg = Environment|Any CPU
		{9349356B-BD41-474D-8C0F-3D81ADCDE04A}.Environment|Any CPU.Build.0 = Environment|Any CPU
		{9349356B-BD41-474D-8C0F-3D81ADCDE04A}.Environment|x64.ActiveCfg = Environment|Any CPU
		{9349356B-BD41-474D-8C0F-3D81ADCDE04A}.Environment|x64.Build.0 = Environment|Any CPU
		{9349356B-BD41-474D-8C0F-3D81ADCDE04A}.Environment|x86.ActiveCfg = Environment|Any CPU
		{9349356B-BD41-474D-8C0F-3D81ADCDE04A}.Environment|x86.Build.0 = Environment|Any CPU
		{9349356B-BD41-474D-8C0F-3D81ADCDE04A}.Release|Any CPU.ActiveCfg = Release|Any CPU
		{9349356B-BD41-474D-8C0F-3D81ADCDE04A}.Release|Any CPU.Build.0 = Release|Any CPU
		{9349356B-BD41-474D-8C0F-3D81ADCDE04A}.Release|x64.ActiveCfg = Release|Any CPU
		{9349356B-BD41-474D-8C0F-3D81ADCDE04A}.Release|x86.ActiveCfg = Release|Any CPU
		{F2E68A0F-0DDF-4E83-A799-765D560C5899}.Debug|Any CPU.ActiveCfg = Debug|Any CPU
		{F2E68A0F-0DDF-4E83-A799-765D560C5899}.Debug|Any CPU.Build.0 = Debug|Any CPU
		{F2E68A0F-0DDF-4E83-A799-765D560C5899}.Debug|x64.ActiveCfg = Debug|Any CPU
		{F2E68A0F-0DDF-4E83-A799-765D560C5899}.Debug|x86.ActiveCfg = Debug|Any CPU
		{F2E68A0F-0DDF-4E83-A799-765D560C5899}.Environment|Any CPU.ActiveCfg = Environment|Any CPU
		{F2E68A0F-0DDF-4E83-A799-765D560C5899}.Environment|Any CPU.Build.0 = Environment|Any CPU
		{F2E68A0F-0DDF-4E83-A799-765D560C5899}.Environment|x64.ActiveCfg = Environment|Any CPU
		{F2E68A0F-0DDF-4E83-A799-765D560C5899}.Environment|x64.Build.0 = Environment|Any CPU
		{F2E68A0F-0DDF-4E83-A799-765D560C5899}.Environment|x86.ActiveCfg = Environment|Any CPU
		{F2E68A0F-0DDF-4E83-A799-765D560C5899}.Environment|x86.Build.0 = Environment|Any CPU
		{F2E68A0F-0DDF-4E83-A799-765D560C5899}.Release|Any CPU.ActiveCfg = Release|Any CPU
		{F2E68A0F-0DDF-4E83-A799-765D560C5899}.Release|Any CPU.Build.0 = Release|Any CPU
		{F2E68A0F-0DDF-4E83-A799-765D560C5899}.Release|x64.ActiveCfg = Release|Any CPU
		{F2E68A0F-0DDF-4E83-A799-765D560C5899}.Release|x86.ActiveCfg = Release|Any CPU
		{1F445F4F-5AE6-4590-9634-61C23D3779B6}.Debug|Any CPU.ActiveCfg = Debug|Any CPU
		{1F445F4F-5AE6-4590-9634-61C23D3779B6}.Debug|Any CPU.Build.0 = Debug|Any CPU
		{1F445F4F-5AE6-4590-9634-61C23D3779B6}.Debug|x64.ActiveCfg = Debug|Any CPU
		{1F445F4F-5AE6-4590-9634-61C23D3779B6}.Debug|x86.ActiveCfg = Debug|Any CPU
		{1F445F4F-5AE6-4590-9634-61C23D3779B6}.Environment|Any CPU.ActiveCfg = Environment|Any CPU
		{1F445F4F-5AE6-4590-9634-61C23D3779B6}.Environment|Any CPU.Build.0 = Environment|Any CPU
		{1F445F4F-5AE6-4590-9634-61C23D3779B6}.Environment|x64.ActiveCfg = Environment|Any CPU
		{1F445F4F-5AE6-4590-9634-61C23D3779B6}.Environment|x64.Build.0 = Environment|Any CPU
		{1F445F4F-5AE6-4590-9634-61C23D3779B6}.Environment|x86.ActiveCfg = Environment|Any CPU
		{1F445F4F-5AE6-4590-9634-61C23D3779B6}.Environment|x86.Build.0 = Environment|Any CPU
		{1F445F4F-5AE6-4590-9634-61C23D3779B6}.Release|Any CPU.ActiveCfg = Release|Any CPU
		{1F445F4F-5AE6-4590-9634-61C23D3779B6}.Release|Any CPU.Build.0 = Release|Any CPU
		{1F445F4F-5AE6-4590-9634-61C23D3779B6}.Release|x64.ActiveCfg = Release|Any CPU
		{1F445F4F-5AE6-4590-9634-61C23D3779B6}.Release|x86.ActiveCfg = Release|Any CPU
		{D551BCE7-FF83-48F1-A47C-A9E6D0CC01F3}.Debug|Any CPU.ActiveCfg = Debug|Any CPU
		{D551BCE7-FF83-48F1-A47C-A9E6D0CC01F3}.Debug|Any CPU.Build.0 = Debug|Any CPU
		{D551BCE7-FF83-48F1-A47C-A9E6D0CC01F3}.Debug|x64.ActiveCfg = Debug|Any CPU
		{D551BCE7-FF83-48F1-A47C-A9E6D0CC01F3}.Debug|x86.ActiveCfg = Debug|Any CPU
		{D551BCE7-FF83-48F1-A47C-A9E6D0CC01F3}.Environment|Any CPU.ActiveCfg = Environment|Any CPU
		{D551BCE7-FF83-48F1-A47C-A9E6D0CC01F3}.Environment|Any CPU.Build.0 = Environment|Any CPU
		{D551BCE7-FF83-48F1-A47C-A9E6D0CC01F3}.Environment|x64.ActiveCfg = Environment|Any CPU
		{D551BCE7-FF83-48F1-A47C-A9E6D0CC01F3}.Environment|x64.Build.0 = Environment|Any CPU
		{D551BCE7-FF83-48F1-A47C-A9E6D0CC01F3}.Environment|x86.ActiveCfg = Environment|Any CPU
		{D551BCE7-FF83-48F1-A47C-A9E6D0CC01F3}.Environment|x86.Build.0 = Environment|Any CPU
		{D551BCE7-FF83-48F1-A47C-A9E6D0CC01F3}.Release|Any CPU.ActiveCfg = Release|Any CPU
		{D551BCE7-FF83-48F1-A47C-A9E6D0CC01F3}.Release|Any CPU.Build.0 = Release|Any CPU
		{D551BCE7-FF83-48F1-A47C-A9E6D0CC01F3}.Release|x64.ActiveCfg = Release|Any CPU
		{D551BCE7-FF83-48F1-A47C-A9E6D0CC01F3}.Release|x86.ActiveCfg = Release|Any CPU
		{448B4DD4-BF95-4E1F-8187-51F3D04FA9F9}.Debug|Any CPU.ActiveCfg = Debug|Any CPU
		{448B4DD4-BF95-4E1F-8187-51F3D04FA9F9}.Debug|Any CPU.Build.0 = Debug|Any CPU
		{448B4DD4-BF95-4E1F-8187-51F3D04FA9F9}.Debug|x64.ActiveCfg = Debug|Any CPU
		{448B4DD4-BF95-4E1F-8187-51F3D04FA9F9}.Debug|x86.ActiveCfg = Debug|Any CPU
		{448B4DD4-BF95-4E1F-8187-51F3D04FA9F9}.Environment|Any CPU.ActiveCfg = Environment|Any CPU
		{448B4DD4-BF95-4E1F-8187-51F3D04FA9F9}.Environment|Any CPU.Build.0 = Environment|Any CPU
		{448B4DD4-BF95-4E1F-8187-51F3D04FA9F9}.Environment|x64.ActiveCfg = Environment|Any CPU
		{448B4DD4-BF95-4E1F-8187-51F3D04FA9F9}.Environment|x64.Build.0 = Environment|Any CPU
		{448B4DD4-BF95-4E1F-8187-51F3D04FA9F9}.Environment|x86.ActiveCfg = Environment|Any CPU
		{448B4DD4-BF95-4E1F-8187-51F3D04FA9F9}.Environment|x86.Build.0 = Environment|Any CPU
		{448B4DD4-BF95-4E1F-8187-51F3D04FA9F9}.Release|Any CPU.ActiveCfg = Release|Any CPU
		{448B4DD4-BF95-4E1F-8187-51F3D04FA9F9}.Release|Any CPU.Build.0 = Release|Any CPU
		{448B4DD4-BF95-4E1F-8187-51F3D04FA9F9}.Release|x64.ActiveCfg = Release|Any CPU
		{448B4DD4-BF95-4E1F-8187-51F3D04FA9F9}.Release|x86.ActiveCfg = Release|Any CPU
		{A7C75871-E49D-455C-8BC6-75D448D12F21}.Debug|Any CPU.ActiveCfg = Debug|Any CPU
		{A7C75871-E49D-455C-8BC6-75D448D12F21}.Debug|Any CPU.Build.0 = Debug|Any CPU
		{A7C75871-E49D-455C-8BC6-75D448D12F21}.Debug|x64.ActiveCfg = Debug|Any CPU
		{A7C75871-E49D-455C-8BC6-75D448D12F21}.Debug|x86.ActiveCfg = Debug|Any CPU
		{A7C75871-E49D-455C-8BC6-75D448D12F21}.Environment|Any CPU.ActiveCfg = Environment|Any CPU
		{A7C75871-E49D-455C-8BC6-75D448D12F21}.Environment|Any CPU.Build.0 = Environment|Any CPU
		{A7C75871-E49D-455C-8BC6-75D448D12F21}.Environment|x64.ActiveCfg = Environment|Any CPU
		{A7C75871-E49D-455C-8BC6-75D448D12F21}.Environment|x64.Build.0 = Environment|Any CPU
		{A7C75871-E49D-455C-8BC6-75D448D12F21}.Environment|x86.ActiveCfg = Environment|Any CPU
		{A7C75871-E49D-455C-8BC6-75D448D12F21}.Environment|x86.Build.0 = Environment|Any CPU
		{A7C75871-E49D-455C-8BC6-75D448D12F21}.Release|Any CPU.ActiveCfg = Release|Any CPU
		{A7C75871-E49D-455C-8BC6-75D448D12F21}.Release|Any CPU.Build.0 = Release|Any CPU
		{A7C75871-E49D-455C-8BC6-75D448D12F21}.Release|x64.ActiveCfg = Release|Any CPU
		{A7C75871-E49D-455C-8BC6-75D448D12F21}.Release|x86.ActiveCfg = Release|Any CPU
		{EE631E15-CB7B-43EC-A1A6-3266ED88B123}.Debug|Any CPU.ActiveCfg = Debug|Any CPU
		{EE631E15-CB7B-43EC-A1A6-3266ED88B123}.Debug|Any CPU.Build.0 = Debug|Any CPU
		{EE631E15-CB7B-43EC-A1A6-3266ED88B123}.Debug|x64.ActiveCfg = Debug|Any CPU
		{EE631E15-CB7B-43EC-A1A6-3266ED88B123}.Debug|x86.ActiveCfg = Debug|Any CPU
		{EE631E15-CB7B-43EC-A1A6-3266ED88B123}.Environment|Any CPU.ActiveCfg = Environment|Any CPU
		{EE631E15-CB7B-43EC-A1A6-3266ED88B123}.Environment|Any CPU.Build.0 = Environment|Any CPU
		{EE631E15-CB7B-43EC-A1A6-3266ED88B123}.Environment|x64.ActiveCfg = Environment|Any CPU
		{EE631E15-CB7B-43EC-A1A6-3266ED88B123}.Environment|x64.Build.0 = Environment|Any CPU
		{EE631E15-CB7B-43EC-A1A6-3266ED88B123}.Environment|x86.ActiveCfg = Environment|Any CPU
		{EE631E15-CB7B-43EC-A1A6-3266ED88B123}.Environment|x86.Build.0 = Environment|Any CPU
		{EE631E15-CB7B-43EC-A1A6-3266ED88B123}.Release|Any CPU.ActiveCfg = Release|Any CPU
		{EE631E15-CB7B-43EC-A1A6-3266ED88B123}.Release|Any CPU.Build.0 = Release|Any CPU
		{EE631E15-CB7B-43EC-A1A6-3266ED88B123}.Release|x64.ActiveCfg = Release|Any CPU
		{EE631E15-CB7B-43EC-A1A6-3266ED88B123}.Release|x86.ActiveCfg = Release|Any CPU
		{F0EA210F-A40C-46D1-9F9B-F03DA11A4AC5}.Debug|Any CPU.ActiveCfg = Debug|Any CPU
		{F0EA210F-A40C-46D1-9F9B-F03DA11A4AC5}.Debug|Any CPU.Build.0 = Debug|Any CPU
		{F0EA210F-A40C-46D1-9F9B-F03DA11A4AC5}.Debug|x64.ActiveCfg = Debug|Any CPU
		{F0EA210F-A40C-46D1-9F9B-F03DA11A4AC5}.Debug|x86.ActiveCfg = Debug|Any CPU
		{F0EA210F-A40C-46D1-9F9B-F03DA11A4AC5}.Environment|Any CPU.ActiveCfg = Environment|Any CPU
		{F0EA210F-A40C-46D1-9F9B-F03DA11A4AC5}.Environment|Any CPU.Build.0 = Environment|Any CPU
		{F0EA210F-A40C-46D1-9F9B-F03DA11A4AC5}.Environment|x64.ActiveCfg = Environment|Any CPU
		{F0EA210F-A40C-46D1-9F9B-F03DA11A4AC5}.Environment|x64.Build.0 = Environment|Any CPU
		{F0EA210F-A40C-46D1-9F9B-F03DA11A4AC5}.Environment|x86.ActiveCfg = Environment|Any CPU
		{F0EA210F-A40C-46D1-9F9B-F03DA11A4AC5}.Environment|x86.Build.0 = Environment|Any CPU
		{F0EA210F-A40C-46D1-9F9B-F03DA11A4AC5}.Release|Any CPU.ActiveCfg = Release|Any CPU
		{F0EA210F-A40C-46D1-9F9B-F03DA11A4AC5}.Release|Any CPU.Build.0 = Release|Any CPU
		{F0EA210F-A40C-46D1-9F9B-F03DA11A4AC5}.Release|x64.ActiveCfg = Release|Any CPU
		{F0EA210F-A40C-46D1-9F9B-F03DA11A4AC5}.Release|x86.ActiveCfg = Release|Any CPU
		{838FCE0A-37EA-4376-9C9F-6CC9C120336A}.Debug|Any CPU.ActiveCfg = Debug|Any CPU
		{838FCE0A-37EA-4376-9C9F-6CC9C120336A}.Debug|Any CPU.Build.0 = Debug|Any CPU
		{838FCE0A-37EA-4376-9C9F-6CC9C120336A}.Debug|x64.ActiveCfg = Debug|Any CPU
		{838FCE0A-37EA-4376-9C9F-6CC9C120336A}.Debug|x86.ActiveCfg = Debug|Any CPU
		{838FCE0A-37EA-4376-9C9F-6CC9C120336A}.Environment|Any CPU.ActiveCfg = Environment|Any CPU
		{838FCE0A-37EA-4376-9C9F-6CC9C120336A}.Environment|Any CPU.Build.0 = Environment|Any CPU
		{838FCE0A-37EA-4376-9C9F-6CC9C120336A}.Environment|x64.ActiveCfg = Environment|Any CPU
		{838FCE0A-37EA-4376-9C9F-6CC9C120336A}.Environment|x64.Build.0 = Environment|Any CPU
		{838FCE0A-37EA-4376-9C9F-6CC9C120336A}.Environment|x86.ActiveCfg = Environment|Any CPU
		{838FCE0A-37EA-4376-9C9F-6CC9C120336A}.Environment|x86.Build.0 = Environment|Any CPU
		{838FCE0A-37EA-4376-9C9F-6CC9C120336A}.Release|Any CPU.ActiveCfg = Release|Any CPU
		{838FCE0A-37EA-4376-9C9F-6CC9C120336A}.Release|Any CPU.Build.0 = Release|Any CPU
		{838FCE0A-37EA-4376-9C9F-6CC9C120336A}.Release|x64.ActiveCfg = Release|Any CPU
		{838FCE0A-37EA-4376-9C9F-6CC9C120336A}.Release|x86.ActiveCfg = Release|Any CPU
		{F4460423-E395-4337-8363-7956E84676D8}.Debug|Any CPU.ActiveCfg = Debug|Any CPU
		{F4460423-E395-4337-8363-7956E84676D8}.Debug|Any CPU.Build.0 = Debug|Any CPU
		{F4460423-E395-4337-8363-7956E84676D8}.Debug|x64.ActiveCfg = Debug|Any CPU
		{F4460423-E395-4337-8363-7956E84676D8}.Debug|x86.ActiveCfg = Debug|Any CPU
		{F4460423-E395-4337-8363-7956E84676D8}.Environment|Any CPU.ActiveCfg = Environment|Any CPU
		{F4460423-E395-4337-8363-7956E84676D8}.Environment|Any CPU.Build.0 = Environment|Any CPU
		{F4460423-E395-4337-8363-7956E84676D8}.Environment|x64.ActiveCfg = Environment|Any CPU
		{F4460423-E395-4337-8363-7956E84676D8}.Environment|x64.Build.0 = Environment|Any CPU
		{F4460423-E395-4337-8363-7956E84676D8}.Environment|x86.ActiveCfg = Environment|Any CPU
		{F4460423-E395-4337-8363-7956E84676D8}.Environment|x86.Build.0 = Environment|Any CPU
		{F4460423-E395-4337-8363-7956E84676D8}.Release|Any CPU.ActiveCfg = Release|Any CPU
		{F4460423-E395-4337-8363-7956E84676D8}.Release|Any CPU.Build.0 = Release|Any CPU
		{F4460423-E395-4337-8363-7956E84676D8}.Release|x64.ActiveCfg = Release|Any CPU
		{F4460423-E395-4337-8363-7956E84676D8}.Release|x86.ActiveCfg = Release|Any CPU
		{80C40026-1697-42CE-829E-423D02EC697A}.Debug|Any CPU.ActiveCfg = Debug|Any CPU
		{80C40026-1697-42CE-829E-423D02EC697A}.Debug|Any CPU.Build.0 = Debug|Any CPU
		{80C40026-1697-42CE-829E-423D02EC697A}.Debug|x64.ActiveCfg = Debug|Any CPU
		{80C40026-1697-42CE-829E-423D02EC697A}.Debug|x86.ActiveCfg = Debug|Any CPU
		{80C40026-1697-42CE-829E-423D02EC697A}.Environment|Any CPU.ActiveCfg = Environment|Any CPU
		{80C40026-1697-42CE-829E-423D02EC697A}.Environment|Any CPU.Build.0 = Environment|Any CPU
		{80C40026-1697-42CE-829E-423D02EC697A}.Environment|x64.ActiveCfg = Environment|Any CPU
		{80C40026-1697-42CE-829E-423D02EC697A}.Environment|x64.Build.0 = Environment|Any CPU
		{80C40026-1697-42CE-829E-423D02EC697A}.Environment|x86.ActiveCfg = Environment|Any CPU
		{80C40026-1697-42CE-829E-423D02EC697A}.Environment|x86.Build.0 = Environment|Any CPU
		{80C40026-1697-42CE-829E-423D02EC697A}.Release|Any CPU.ActiveCfg = Release|Any CPU
		{80C40026-1697-42CE-829E-423D02EC697A}.Release|Any CPU.Build.0 = Release|Any CPU
		{80C40026-1697-42CE-829E-423D02EC697A}.Release|x64.ActiveCfg = Release|Any CPU
		{80C40026-1697-42CE-829E-423D02EC697A}.Release|x86.ActiveCfg = Release|Any CPU
		{BBB9C91B-16FB-4E92-A443-75851AE7E655}.Debug|Any CPU.ActiveCfg = Debug|Any CPU
		{BBB9C91B-16FB-4E92-A443-75851AE7E655}.Debug|Any CPU.Build.0 = Debug|Any CPU
		{BBB9C91B-16FB-4E92-A443-75851AE7E655}.Debug|x64.ActiveCfg = Debug|Any CPU
		{BBB9C91B-16FB-4E92-A443-75851AE7E655}.Debug|x86.ActiveCfg = Debug|Any CPU
		{BBB9C91B-16FB-4E92-A443-75851AE7E655}.Environment|Any CPU.ActiveCfg = Environment|Any CPU
		{BBB9C91B-16FB-4E92-A443-75851AE7E655}.Environment|Any CPU.Build.0 = Environment|Any CPU
		{BBB9C91B-16FB-4E92-A443-75851AE7E655}.Environment|x64.ActiveCfg = Environment|Any CPU
		{BBB9C91B-16FB-4E92-A443-75851AE7E655}.Environment|x64.Build.0 = Environment|Any CPU
		{BBB9C91B-16FB-4E92-A443-75851AE7E655}.Environment|x86.ActiveCfg = Environment|Any CPU
		{BBB9C91B-16FB-4E92-A443-75851AE7E655}.Environment|x86.Build.0 = Environment|Any CPU
		{BBB9C91B-16FB-4E92-A443-75851AE7E655}.Release|Any CPU.ActiveCfg = Release|Any CPU
		{BBB9C91B-16FB-4E92-A443-75851AE7E655}.Release|Any CPU.Build.0 = Release|Any CPU
		{BBB9C91B-16FB-4E92-A443-75851AE7E655}.Release|x64.ActiveCfg = Release|Any CPU
		{BBB9C91B-16FB-4E92-A443-75851AE7E655}.Release|x86.ActiveCfg = Release|Any CPU
		{3927DD7B-3FA6-4EEB-B3F9-1B775903BAA2}.Debug|Any CPU.ActiveCfg = Debug|Any CPU
		{3927DD7B-3FA6-4EEB-B3F9-1B775903BAA2}.Debug|Any CPU.Build.0 = Debug|Any CPU
		{3927DD7B-3FA6-4EEB-B3F9-1B775903BAA2}.Debug|x64.ActiveCfg = Debug|Any CPU
		{3927DD7B-3FA6-4EEB-B3F9-1B775903BAA2}.Debug|x86.ActiveCfg = Debug|Any CPU
		{3927DD7B-3FA6-4EEB-B3F9-1B775903BAA2}.Environment|Any CPU.ActiveCfg = Environment|Any CPU
		{3927DD7B-3FA6-4EEB-B3F9-1B775903BAA2}.Environment|Any CPU.Build.0 = Environment|Any CPU
		{3927DD7B-3FA6-4EEB-B3F9-1B775903BAA2}.Environment|x64.ActiveCfg = Environment|Any CPU
		{3927DD7B-3FA6-4EEB-B3F9-1B775903BAA2}.Environment|x64.Build.0 = Environment|Any CPU
		{3927DD7B-3FA6-4EEB-B3F9-1B775903BAA2}.Environment|x86.ActiveCfg = Environment|Any CPU
		{3927DD7B-3FA6-4EEB-B3F9-1B775903BAA2}.Environment|x86.Build.0 = Environment|Any CPU
		{3927DD7B-3FA6-4EEB-B3F9-1B775903BAA2}.Release|Any CPU.ActiveCfg = Release|Any CPU
		{3927DD7B-3FA6-4EEB-B3F9-1B775903BAA2}.Release|Any CPU.Build.0 = Release|Any CPU
		{3927DD7B-3FA6-4EEB-B3F9-1B775903BAA2}.Release|x64.ActiveCfg = Release|Any CPU
		{3927DD7B-3FA6-4EEB-B3F9-1B775903BAA2}.Release|x86.ActiveCfg = Release|Any CPU
		{A442F617-A5AF-4486-8E62-76B44533D9FE}.Debug|Any CPU.ActiveCfg = Debug|Any CPU
		{A442F617-A5AF-4486-8E62-76B44533D9FE}.Debug|Any CPU.Build.0 = Debug|Any CPU
		{A442F617-A5AF-4486-8E62-76B44533D9FE}.Debug|x64.ActiveCfg = Debug|Any CPU
		{A442F617-A5AF-4486-8E62-76B44533D9FE}.Debug|x86.ActiveCfg = Debug|Any CPU
		{A442F617-A5AF-4486-8E62-76B44533D9FE}.Environment|Any CPU.ActiveCfg = Environment|Any CPU
		{A442F617-A5AF-4486-8E62-76B44533D9FE}.Environment|Any CPU.Build.0 = Environment|Any CPU
		{A442F617-A5AF-4486-8E62-76B44533D9FE}.Environment|x64.ActiveCfg = Environment|Any CPU
		{A442F617-A5AF-4486-8E62-76B44533D9FE}.Environment|x64.Build.0 = Environment|Any CPU
		{A442F617-A5AF-4486-8E62-76B44533D9FE}.Environment|x86.ActiveCfg = Environment|Any CPU
		{A442F617-A5AF-4486-8E62-76B44533D9FE}.Environment|x86.Build.0 = Environment|Any CPU
		{A442F617-A5AF-4486-8E62-76B44533D9FE}.Release|Any CPU.ActiveCfg = Release|Any CPU
		{A442F617-A5AF-4486-8E62-76B44533D9FE}.Release|Any CPU.Build.0 = Release|Any CPU
		{A442F617-A5AF-4486-8E62-76B44533D9FE}.Release|x64.ActiveCfg = Release|Any CPU
		{A442F617-A5AF-4486-8E62-76B44533D9FE}.Release|x86.ActiveCfg = Release|Any CPU
		{D3415268-DBC8-4F97-A5C5-26F102D7F554}.Debug|Any CPU.ActiveCfg = Debug|Any CPU
		{D3415268-DBC8-4F97-A5C5-26F102D7F554}.Debug|Any CPU.Build.0 = Debug|Any CPU
		{D3415268-DBC8-4F97-A5C5-26F102D7F554}.Debug|x64.ActiveCfg = Debug|Any CPU
		{D3415268-DBC8-4F97-A5C5-26F102D7F554}.Debug|x64.Build.0 = Debug|Any CPU
		{D3415268-DBC8-4F97-A5C5-26F102D7F554}.Debug|x86.ActiveCfg = Debug|Any CPU
		{D3415268-DBC8-4F97-A5C5-26F102D7F554}.Debug|x86.Build.0 = Debug|Any CPU
		{D3415268-DBC8-4F97-A5C5-26F102D7F554}.Environment|Any CPU.ActiveCfg = Environment|Any CPU
		{D3415268-DBC8-4F97-A5C5-26F102D7F554}.Environment|Any CPU.Build.0 = Environment|Any CPU
		{D3415268-DBC8-4F97-A5C5-26F102D7F554}.Environment|x64.ActiveCfg = Environment|Any CPU
		{D3415268-DBC8-4F97-A5C5-26F102D7F554}.Environment|x64.Build.0 = Environment|Any CPU
		{D3415268-DBC8-4F97-A5C5-26F102D7F554}.Environment|x86.ActiveCfg = Environment|Any CPU
		{D3415268-DBC8-4F97-A5C5-26F102D7F554}.Environment|x86.Build.0 = Environment|Any CPU
		{D3415268-DBC8-4F97-A5C5-26F102D7F554}.Release|Any CPU.ActiveCfg = Release|Any CPU
		{D3415268-DBC8-4F97-A5C5-26F102D7F554}.Release|Any CPU.Build.0 = Release|Any CPU
		{D3415268-DBC8-4F97-A5C5-26F102D7F554}.Release|x64.ActiveCfg = Release|Any CPU
		{D3415268-DBC8-4F97-A5C5-26F102D7F554}.Release|x64.Build.0 = Release|Any CPU
		{D3415268-DBC8-4F97-A5C5-26F102D7F554}.Release|x86.ActiveCfg = Release|Any CPU
		{D3415268-DBC8-4F97-A5C5-26F102D7F554}.Release|x86.Build.0 = Release|Any CPU
		{71669776-5420-4648-A539-7AC8F5FE9A06}.Debug|Any CPU.ActiveCfg = Debug|Any CPU
		{71669776-5420-4648-A539-7AC8F5FE9A06}.Debug|Any CPU.Build.0 = Debug|Any CPU
		{71669776-5420-4648-A539-7AC8F5FE9A06}.Debug|x64.ActiveCfg = Debug|Any CPU
		{71669776-5420-4648-A539-7AC8F5FE9A06}.Debug|x64.Build.0 = Debug|Any CPU
		{71669776-5420-4648-A539-7AC8F5FE9A06}.Debug|x86.ActiveCfg = Debug|Any CPU
		{71669776-5420-4648-A539-7AC8F5FE9A06}.Debug|x86.Build.0 = Debug|Any CPU
		{71669776-5420-4648-A539-7AC8F5FE9A06}.Environment|Any CPU.ActiveCfg = Environment|Any CPU
		{71669776-5420-4648-A539-7AC8F5FE9A06}.Environment|Any CPU.Build.0 = Environment|Any CPU
		{71669776-5420-4648-A539-7AC8F5FE9A06}.Environment|x64.ActiveCfg = Environment|Any CPU
		{71669776-5420-4648-A539-7AC8F5FE9A06}.Environment|x64.Build.0 = Environment|Any CPU
		{71669776-5420-4648-A539-7AC8F5FE9A06}.Environment|x86.ActiveCfg = Environment|Any CPU
		{71669776-5420-4648-A539-7AC8F5FE9A06}.Environment|x86.Build.0 = Environment|Any CPU
		{71669776-5420-4648-A539-7AC8F5FE9A06}.Release|Any CPU.ActiveCfg = Release|Any CPU
		{71669776-5420-4648-A539-7AC8F5FE9A06}.Release|Any CPU.Build.0 = Release|Any CPU
		{71669776-5420-4648-A539-7AC8F5FE9A06}.Release|x64.ActiveCfg = Release|Any CPU
		{71669776-5420-4648-A539-7AC8F5FE9A06}.Release|x64.Build.0 = Release|Any CPU
		{71669776-5420-4648-A539-7AC8F5FE9A06}.Release|x86.ActiveCfg = Release|Any CPU
		{71669776-5420-4648-A539-7AC8F5FE9A06}.Release|x86.Build.0 = Release|Any CPU
		{92F6BD37-444D-4574-9485-9FE232D2A183}.Debug|Any CPU.ActiveCfg = Debug|Any CPU
		{92F6BD37-444D-4574-9485-9FE232D2A183}.Debug|Any CPU.Build.0 = Debug|Any CPU
		{92F6BD37-444D-4574-9485-9FE232D2A183}.Debug|x64.ActiveCfg = Debug|Any CPU
		{92F6BD37-444D-4574-9485-9FE232D2A183}.Debug|x64.Build.0 = Debug|Any CPU
		{92F6BD37-444D-4574-9485-9FE232D2A183}.Debug|x86.ActiveCfg = Debug|Any CPU
		{92F6BD37-444D-4574-9485-9FE232D2A183}.Debug|x86.Build.0 = Debug|Any CPU
		{92F6BD37-444D-4574-9485-9FE232D2A183}.Environment|Any CPU.ActiveCfg = Environment|Any CPU
		{92F6BD37-444D-4574-9485-9FE232D2A183}.Environment|Any CPU.Build.0 = Environment|Any CPU
		{92F6BD37-444D-4574-9485-9FE232D2A183}.Environment|x64.ActiveCfg = Environment|Any CPU
		{92F6BD37-444D-4574-9485-9FE232D2A183}.Environment|x64.Build.0 = Environment|Any CPU
		{92F6BD37-444D-4574-9485-9FE232D2A183}.Environment|x86.ActiveCfg = Environment|Any CPU
		{92F6BD37-444D-4574-9485-9FE232D2A183}.Environment|x86.Build.0 = Environment|Any CPU
		{92F6BD37-444D-4574-9485-9FE232D2A183}.Release|Any CPU.ActiveCfg = Release|Any CPU
		{92F6BD37-444D-4574-9485-9FE232D2A183}.Release|Any CPU.Build.0 = Release|Any CPU
		{92F6BD37-444D-4574-9485-9FE232D2A183}.Release|x64.ActiveCfg = Release|Any CPU
		{92F6BD37-444D-4574-9485-9FE232D2A183}.Release|x64.Build.0 = Release|Any CPU
		{92F6BD37-444D-4574-9485-9FE232D2A183}.Release|x86.ActiveCfg = Release|Any CPU
		{92F6BD37-444D-4574-9485-9FE232D2A183}.Release|x86.Build.0 = Release|Any CPU
		{B27D05B3-BF16-4602-B188-296917232618}.Debug|Any CPU.ActiveCfg = Debug|Any CPU
		{B27D05B3-BF16-4602-B188-296917232618}.Debug|Any CPU.Build.0 = Debug|Any CPU
		{B27D05B3-BF16-4602-B188-296917232618}.Debug|x64.ActiveCfg = Debug|Any CPU
		{B27D05B3-BF16-4602-B188-296917232618}.Debug|x64.Build.0 = Debug|Any CPU
		{B27D05B3-BF16-4602-B188-296917232618}.Debug|x86.ActiveCfg = Debug|Any CPU
		{B27D05B3-BF16-4602-B188-296917232618}.Debug|x86.Build.0 = Debug|Any CPU
		{B27D05B3-BF16-4602-B188-296917232618}.Environment|Any CPU.ActiveCfg = Environment|Any CPU
		{B27D05B3-BF16-4602-B188-296917232618}.Environment|Any CPU.Build.0 = Environment|Any CPU
		{B27D05B3-BF16-4602-B188-296917232618}.Environment|x64.ActiveCfg = Environment|Any CPU
		{B27D05B3-BF16-4602-B188-296917232618}.Environment|x64.Build.0 = Environment|Any CPU
		{B27D05B3-BF16-4602-B188-296917232618}.Environment|x86.ActiveCfg = Environment|Any CPU
		{B27D05B3-BF16-4602-B188-296917232618}.Environment|x86.Build.0 = Environment|Any CPU
		{B27D05B3-BF16-4602-B188-296917232618}.Release|Any CPU.ActiveCfg = Release|Any CPU
		{B27D05B3-BF16-4602-B188-296917232618}.Release|Any CPU.Build.0 = Release|Any CPU
		{B27D05B3-BF16-4602-B188-296917232618}.Release|x64.ActiveCfg = Release|Any CPU
		{B27D05B3-BF16-4602-B188-296917232618}.Release|x64.Build.0 = Release|Any CPU
		{B27D05B3-BF16-4602-B188-296917232618}.Release|x86.ActiveCfg = Release|Any CPU
		{B27D05B3-BF16-4602-B188-296917232618}.Release|x86.Build.0 = Release|Any CPU
		{FBC9577E-42D2-4573-943B-D507611D811C}.Debug|Any CPU.ActiveCfg = Debug|Any CPU
		{FBC9577E-42D2-4573-943B-D507611D811C}.Debug|Any CPU.Build.0 = Debug|Any CPU
		{FBC9577E-42D2-4573-943B-D507611D811C}.Debug|x64.ActiveCfg = Debug|Any CPU
		{FBC9577E-42D2-4573-943B-D507611D811C}.Debug|x64.Build.0 = Debug|Any CPU
		{FBC9577E-42D2-4573-943B-D507611D811C}.Debug|x86.ActiveCfg = Debug|Any CPU
		{FBC9577E-42D2-4573-943B-D507611D811C}.Debug|x86.Build.0 = Debug|Any CPU
		{FBC9577E-42D2-4573-943B-D507611D811C}.Environment|Any CPU.ActiveCfg = Environment|Any CPU
		{FBC9577E-42D2-4573-943B-D507611D811C}.Environment|Any CPU.Build.0 = Environment|Any CPU
		{FBC9577E-42D2-4573-943B-D507611D811C}.Environment|x64.ActiveCfg = Environment|Any CPU
		{FBC9577E-42D2-4573-943B-D507611D811C}.Environment|x64.Build.0 = Environment|Any CPU
		{FBC9577E-42D2-4573-943B-D507611D811C}.Environment|x86.ActiveCfg = Environment|Any CPU
		{FBC9577E-42D2-4573-943B-D507611D811C}.Environment|x86.Build.0 = Environment|Any CPU
		{FBC9577E-42D2-4573-943B-D507611D811C}.Release|Any CPU.ActiveCfg = Release|Any CPU
		{FBC9577E-42D2-4573-943B-D507611D811C}.Release|Any CPU.Build.0 = Release|Any CPU
		{FBC9577E-42D2-4573-943B-D507611D811C}.Release|x64.ActiveCfg = Release|Any CPU
		{FBC9577E-42D2-4573-943B-D507611D811C}.Release|x64.Build.0 = Release|Any CPU
		{FBC9577E-42D2-4573-943B-D507611D811C}.Release|x86.ActiveCfg = Release|Any CPU
		{FBC9577E-42D2-4573-943B-D507611D811C}.Release|x86.Build.0 = Release|Any CPU
		{ACB9BEB1-1531-4BC2-BB41-8879B799C07A}.Debug|Any CPU.ActiveCfg = Debug|Any CPU
		{ACB9BEB1-1531-4BC2-BB41-8879B799C07A}.Debug|Any CPU.Build.0 = Debug|Any CPU
		{ACB9BEB1-1531-4BC2-BB41-8879B799C07A}.Debug|x64.ActiveCfg = Debug|Any CPU
		{ACB9BEB1-1531-4BC2-BB41-8879B799C07A}.Debug|x64.Build.0 = Debug|Any CPU
		{ACB9BEB1-1531-4BC2-BB41-8879B799C07A}.Debug|x86.ActiveCfg = Debug|Any CPU
		{ACB9BEB1-1531-4BC2-BB41-8879B799C07A}.Debug|x86.Build.0 = Debug|Any CPU
		{ACB9BEB1-1531-4BC2-BB41-8879B799C07A}.Environment|Any CPU.ActiveCfg = Environment|Any CPU
		{ACB9BEB1-1531-4BC2-BB41-8879B799C07A}.Environment|Any CPU.Build.0 = Environment|Any CPU
		{ACB9BEB1-1531-4BC2-BB41-8879B799C07A}.Environment|x64.ActiveCfg = Environment|Any CPU
		{ACB9BEB1-1531-4BC2-BB41-8879B799C07A}.Environment|x64.Build.0 = Environment|Any CPU
		{ACB9BEB1-1531-4BC2-BB41-8879B799C07A}.Environment|x86.ActiveCfg = Environment|Any CPU
		{ACB9BEB1-1531-4BC2-BB41-8879B799C07A}.Environment|x86.Build.0 = Environment|Any CPU
		{ACB9BEB1-1531-4BC2-BB41-8879B799C07A}.Release|Any CPU.ActiveCfg = Release|Any CPU
		{ACB9BEB1-1531-4BC2-BB41-8879B799C07A}.Release|Any CPU.Build.0 = Release|Any CPU
		{ACB9BEB1-1531-4BC2-BB41-8879B799C07A}.Release|x64.ActiveCfg = Release|Any CPU
		{ACB9BEB1-1531-4BC2-BB41-8879B799C07A}.Release|x64.Build.0 = Release|Any CPU
		{ACB9BEB1-1531-4BC2-BB41-8879B799C07A}.Release|x86.ActiveCfg = Release|Any CPU
		{ACB9BEB1-1531-4BC2-BB41-8879B799C07A}.Release|x86.Build.0 = Release|Any CPU
		{45E290D6-EC6F-4EB4-BC60-812A636371DB}.Debug|Any CPU.ActiveCfg = Debug|Any CPU
		{45E290D6-EC6F-4EB4-BC60-812A636371DB}.Debug|Any CPU.Build.0 = Debug|Any CPU
		{45E290D6-EC6F-4EB4-BC60-812A636371DB}.Debug|x64.ActiveCfg = Debug|Any CPU
		{45E290D6-EC6F-4EB4-BC60-812A636371DB}.Debug|x64.Build.0 = Debug|Any CPU
		{45E290D6-EC6F-4EB4-BC60-812A636371DB}.Debug|x86.ActiveCfg = Debug|Any CPU
		{45E290D6-EC6F-4EB4-BC60-812A636371DB}.Debug|x86.Build.0 = Debug|Any CPU
		{45E290D6-EC6F-4EB4-BC60-812A636371DB}.Environment|Any CPU.ActiveCfg = Release|Any CPU
		{45E290D6-EC6F-4EB4-BC60-812A636371DB}.Environment|Any CPU.Build.0 = Release|Any CPU
		{45E290D6-EC6F-4EB4-BC60-812A636371DB}.Environment|x64.ActiveCfg = Release|Any CPU
		{45E290D6-EC6F-4EB4-BC60-812A636371DB}.Environment|x64.Build.0 = Release|Any CPU
		{45E290D6-EC6F-4EB4-BC60-812A636371DB}.Environment|x86.ActiveCfg = Release|Any CPU
		{45E290D6-EC6F-4EB4-BC60-812A636371DB}.Environment|x86.Build.0 = Release|Any CPU
		{45E290D6-EC6F-4EB4-BC60-812A636371DB}.Release|Any CPU.ActiveCfg = Release|Any CPU
		{45E290D6-EC6F-4EB4-BC60-812A636371DB}.Release|Any CPU.Build.0 = Release|Any CPU
		{45E290D6-EC6F-4EB4-BC60-812A636371DB}.Release|x64.ActiveCfg = Release|Any CPU
		{45E290D6-EC6F-4EB4-BC60-812A636371DB}.Release|x64.Build.0 = Release|Any CPU
		{45E290D6-EC6F-4EB4-BC60-812A636371DB}.Release|x86.ActiveCfg = Release|Any CPU
		{45E290D6-EC6F-4EB4-BC60-812A636371DB}.Release|x86.Build.0 = Release|Any CPU
		{23ADF1E7-9C25-4CBA-B3AB-16839D9A8A30}.Debug|Any CPU.ActiveCfg = Debug|Any CPU
		{23ADF1E7-9C25-4CBA-B3AB-16839D9A8A30}.Debug|Any CPU.Build.0 = Debug|Any CPU
		{23ADF1E7-9C25-4CBA-B3AB-16839D9A8A30}.Debug|x64.ActiveCfg = Debug|Any CPU
		{23ADF1E7-9C25-4CBA-B3AB-16839D9A8A30}.Debug|x64.Build.0 = Debug|Any CPU
		{23ADF1E7-9C25-4CBA-B3AB-16839D9A8A30}.Debug|x86.ActiveCfg = Debug|Any CPU
		{23ADF1E7-9C25-4CBA-B3AB-16839D9A8A30}.Debug|x86.Build.0 = Debug|Any CPU
		{23ADF1E7-9C25-4CBA-B3AB-16839D9A8A30}.Environment|Any CPU.ActiveCfg = Release|Any CPU
		{23ADF1E7-9C25-4CBA-B3AB-16839D9A8A30}.Environment|Any CPU.Build.0 = Release|Any CPU
		{23ADF1E7-9C25-4CBA-B3AB-16839D9A8A30}.Environment|x64.ActiveCfg = Release|Any CPU
		{23ADF1E7-9C25-4CBA-B3AB-16839D9A8A30}.Environment|x64.Build.0 = Release|Any CPU
		{23ADF1E7-9C25-4CBA-B3AB-16839D9A8A30}.Environment|x86.ActiveCfg = Release|Any CPU
		{23ADF1E7-9C25-4CBA-B3AB-16839D9A8A30}.Environment|x86.Build.0 = Release|Any CPU
		{23ADF1E7-9C25-4CBA-B3AB-16839D9A8A30}.Release|Any CPU.ActiveCfg = Release|Any CPU
		{23ADF1E7-9C25-4CBA-B3AB-16839D9A8A30}.Release|Any CPU.Build.0 = Release|Any CPU
		{23ADF1E7-9C25-4CBA-B3AB-16839D9A8A30}.Release|x64.ActiveCfg = Release|Any CPU
		{23ADF1E7-9C25-4CBA-B3AB-16839D9A8A30}.Release|x64.Build.0 = Release|Any CPU
		{23ADF1E7-9C25-4CBA-B3AB-16839D9A8A30}.Release|x86.ActiveCfg = Release|Any CPU
		{23ADF1E7-9C25-4CBA-B3AB-16839D9A8A30}.Release|x86.Build.0 = Release|Any CPU
	EndGlobalSection
	GlobalSection(SolutionProperties) = preSolution
		HideSolutionNode = FALSE
	EndGlobalSection
	GlobalSection(NestedProjects) = preSolution
		{F4460423-E395-4337-8363-7956E84676D8} = {7A03B224-F4C5-4EF5-ACFD-FED1C5007E59}
		{BBB9C91B-16FB-4E92-A443-75851AE7E655} = {7A03B224-F4C5-4EF5-ACFD-FED1C5007E59}
		{3927DD7B-3FA6-4EEB-B3F9-1B775903BAA2} = {7A03B224-F4C5-4EF5-ACFD-FED1C5007E59}
		{92F6BD37-444D-4574-9485-9FE232D2A183} = {83C9D179-5DB4-40D5-A5F7-31E0F24A7273}
		{B27D05B3-BF16-4602-B188-296917232618} = {83C9D179-5DB4-40D5-A5F7-31E0F24A7273}
		{ACB9BEB1-1531-4BC2-BB41-8879B799C07A} = {83C9D179-5DB4-40D5-A5F7-31E0F24A7273}
		{45E290D6-EC6F-4EB4-BC60-812A636371DB} = {83C9D179-5DB4-40D5-A5F7-31E0F24A7273}
		{23ADF1E7-9C25-4CBA-B3AB-16839D9A8A30} = {83C9D179-5DB4-40D5-A5F7-31E0F24A7273}
	EndGlobalSection
	GlobalSection(ExtensibilityGlobals) = postSolution
		SolutionGuid = {D1006ACD-AE6E-40A0-A579-7EF5EB7F1814}
	EndGlobalSection
EndGlobal
